
Microsoft Visual Studio Solution File, Format Version 12.00
# Visual Studio Version 17
VisualStudioVersion = 17.11.35219.272
MinimumVisualStudioVersion = 10.0.40219.1
Project("{FAE04EC0-301F-11D3-BF4B-00C04F79EFBC}") = "GOF_Lab2", "GOF_Lab2.csproj", "{FB2D05C7-12A7-45DE-8DD2-BA585CA36142}"
EndProject
Global
	GlobalSection(SolutionConfigurationPlatforms) = preSolution
		Debug|Any CPU = Debug|Any CPU
		Release|Any CPU = Release|Any CPU
	EndGlobalSection
	GlobalSection(ProjectConfigurationPlatforms) = postSolution
		{FB2D05C7-12A7-45DE-8DD2-BA585CA36142}.Debug|Any CPU.ActiveCfg = Debug|Any CPU
		{FB2D05C7-12A7-45DE-8DD2-BA585CA36142}.Debug|Any CPU.Build.0 = Debug|Any CPU
		{FB2D05C7-12A7-45DE-8DD2-BA585CA36142}.Release|Any CPU.ActiveCfg = Release|Any CPU
		{FB2D05C7-12A7-45DE-8DD2-BA585CA36142}.Release|Any CPU.Build.0 = Release|Any CPU
	EndGlobalSection
	GlobalSection(SolutionProperties) = preSolution
		HideSolutionNode = FALSE
	EndGlobalSection
	GlobalSection(ExtensibilityGlobals) = postSolution
		SolutionGuid = {6D8F3334-8610-44CA-BCEC-53E50D1681C2}
	EndGlobalSection
EndGlobal
